Microsoft Visual Studio Solution File, Format Version 12.00
# Visual Studio 14
VisualStudioVersion = 14.0.25420.1
MinimumVisualStudioVersion = 10.0.40219.1
Project("{FAE04EC0-301F-11D3-BF4B-00C04F79EFBC}") = "STM32Upload", "STM32Upload\STM32Upload.csproj", "{73A509DA-82DD-42FB-882F-4D960185455C}"
EndProject
Project("{8BC9CEB8-8B4A-11D0-8D11-00A0C91BC942}") = "Gyro", "Gyro\Gyro.vcxproj", "{C61B4D2B-3451-4A17-8EE6-DCA6BF36D9F0}"
EndProject
Project("{8BC9CEB8-8B4A-11D0-8D11-00A0C91BC942}") = "MotionDriver", "MotionDriver\MotionDriver.vcxproj", "{C2AE5968-98FA-48EC-BC31-516E615183FE}"
EndProject
Project("{8BC9CEB8-8B4A-11D0-8D11-00A0C91BC942}") = "Ultrasonic", "Ultrasonic\Ultrasonic.vcxproj", "{6FA502B1-0393-4918-8323-5571275AA4BB}"
EndProject
Project("{8BC9CEB8-8B4A-11D0-8D11-00A0C91BC942}") = "Barometer", "Barometer\Barometer.vcxproj", "{7B39F9E5-500E-4B05-B7A3-AE385F90C425}"
EndProject
Project("{8BC9CEB8-8B4A-11D0-8D11-00A0C91BC942}") = "WiFi", "WiFi\WiFi.vcxproj", "{86890983-FE13-425A-9BAF-DB1F62063C8D}"
EndProject
Project("{8BC9CEB8-8B4A-11D0-8D11-00A0C91BC942}") = "GSM", "GSM\GSM.vcxproj", "{48322458-EB4B-4759-9FB2-8C8DF6792396}"
EndProject
Project("{8BC9CEB8-8B4A-11D0-8D11-00A0C91BC942}") = "The_Eye", "The_Eye\The_Eye.vcxproj", "{2BBD4AC6-7B67-4158-AC47-183948BD9C35}"
EndProject
Project("{E24C65DC-7377-472B-9ABA-BC803B73C61A}") = "WebUI(1)", "WebUI\", "{7325CD0D-1821-4CB0-884C-D7DC76D8EEF7}"
	ProjectSection(WebsiteProperties) = preProject
		TargetFrameworkMoniker = ".NETFramework,Version%3Dv4.5.2"
		Debug.AspNetCompiler.VirtualPath = "/localhost_60253"
		Debug.AspNetCompiler.PhysicalPath = "WebUI\"
		Debug.AspNetCompiler.TargetPath = "PrecompiledWeb\localhost_60253\"
		Debug.AspNetCompiler.Updateable = "true"
		Debug.AspNetCompiler.ForceOverwrite = "true"
		Debug.AspNetCompiler.FixedNames = "false"
		Debug.AspNetCompiler.Debug = "True"
		Release.AspNetCompiler.VirtualPath = "/localhost_60253"
		Release.AspNetCompiler.PhysicalPath = "WebUI\"
		Release.AspNetCompiler.TargetPath = "PrecompiledWeb\localhost_60253\"
		Release.AspNetCompiler.Updateable = "true"
		Release.AspNetCompiler.ForceOverwrite = "true"
		Release.AspNetCompiler.FixedNames = "false"
		Release.AspNetCompiler.Debug = "False"
		VWDPort = "60253"
		SlnRelativePath = "WebUI\"
	EndProjectSection
EndProject
Project("{8BC9CEB8-8B4A-11D0-8D11-00A0C91BC942}") = "Compass", "Compass\Compass.vcxproj", "{0E993F02-ADF4-4206-AAE3-79DB1AD54514}"
EndProject
Project("{8BC9CEB8-8B4A-11D0-8D11-00A0C91BC942}") = "GPS", "GPS\GPS.vcxproj", "{A9E6F383-BE0D-4E6D-BC74-C5E0D8B59FE0}"
EndProject
Project("{8BC9CEB8-8B4A-11D0-8D11-00A0C91BC942}") = "PWM", "PWM\PWM.vcxproj", "{D8C6DEAE-4514-4D72-85C7-B2FCEA09AE7C}"
EndProject
Project("{8BC9CEB8-8B4A-11D0-8D11-00A0C91BC942}") = "WiFi_UDP", "WiFi_UDP\WiFi_UDP.vcxproj", "{1FAD26FF-4846-4F84-A701-6BCBD377FD5E}"
EndProject
Global
	GlobalSection(SolutionConfigurationPlatforms) = preSolution
		Debug|x86 = Debug|x86
		Release|x86 = Release|x86
	EndGlobalSection
	GlobalSection(ProjectConfigurationPlatforms) = postSolution
		{73A509DA-82DD-42FB-882F-4D960185455C}.Debug|x86.ActiveCfg = Debug|x86
		{73A509DA-82DD-42FB-882F-4D960185455C}.Debug|x86.Build.0 = Debug|x86
		{73A509DA-82DD-42FB-882F-4D960185455C}.Debug|x86.Deploy.0 = Debug|x86
		{73A509DA-82DD-42FB-882F-4D960185455C}.Release|x86.ActiveCfg = Release|x86
		{73A509DA-82DD-42FB-882F-4D960185455C}.Release|x86.Build.0 = Release|x86
		{73A509DA-82DD-42FB-882F-4D960185455C}.Release|x86.Deploy.0 = Release|x86
		{C61B4D2B-3451-4A17-8EE6-DCA6BF36D9F0}.Debug|x86.ActiveCfg = Debug|Win32
		{C61B4D2B-3451-4A17-8EE6-DCA6BF36D9F0}.Debug|x86.Build.0 = Debug|Win32
		{C61B4D2B-3451-4A17-8EE6-DCA6BF36D9F0}.Release|x86.ActiveCfg = Release|Win32
		{C61B4D2B-3451-4A17-8EE6-DCA6BF36D9F0}.Release|x86.Build.0 = Release|Win32
		{C2AE5968-98FA-48EC-BC31-516E615183FE}.Debug|x86.ActiveCfg = Debug|Win32
		{C2AE5968-98FA-48EC-BC31-516E615183FE}.Debug|x86.Build.0 = Debug|Win32
		{C2AE5968-98FA-48EC-BC31-516E615183FE}.Release|x86.ActiveCfg = Release|Win32
		{C2AE5968-98FA-48EC-BC31-516E615183FE}.Release|x86.Build.0 = Release|Win32
		{6FA502B1-0393-4918-8323-5571275AA4BB}.Debug|x86.ActiveCfg = Debug|Win32
		{6FA502B1-0393-4918-8323-5571275AA4BB}.Debug|x86.Build.0 = Debug|Win32
		{6FA502B1-0393-4918-8323-5571275AA4BB}.Release|x86.ActiveCfg = Release|Win32
		{6FA502B1-0393-4918-8323-5571275AA4BB}.Release|x86.Build.0 = Release|Win32
		{7B39F9E5-500E-4B05-B7A3-AE385F90C425}.Debug|x86.ActiveCfg = Debug|Win32
		{7B39F9E5-500E-4B05-B7A3-AE385F90C425}.Debug|x86.Build.0 = Debug|Win32
		{7B39F9E5-500E-4B05-B7A3-AE385F90C425}.Release|x86.ActiveCfg = Release|Win32
		{7B39F9E5-500E-4B05-B7A3-AE385F90C425}.Release|x86.Build.0 = Release|Win32
		{86890983-FE13-425A-9BAF-DB1F62063C8D}.Debug|x86.ActiveCfg = Debug|Win32
		{86890983-FE13-425A-9BAF-DB1F62063C8D}.Debug|x86.Build.0 = Debug|Win32
		{86890983-FE13-425A-9BAF-DB1F62063C8D}.Release|x86.ActiveCfg = Release|Win32
		{86890983-FE13-425A-9BAF-DB1F62063C8D}.Release|x86.Build.0 = Release|Win32
		{48322458-EB4B-4759-9FB2-8C8DF6792396}.Debug|x86.ActiveCfg = Debug|Win32
		{48322458-EB4B-4759-9FB2-8C8DF6792396}.Debug|x86.Build.0 = Debug|Win32
		{48322458-EB4B-4759-9FB2-8C8DF6792396}.Release|x86.ActiveCfg = Release|Win32
		{48322458-EB4B-4759-9FB2-8C8DF6792396}.Release|x86.Build.0 = Release|Win32
		{2BBD4AC6-7B67-4158-AC47-183948BD9C35}.Debug|x86.ActiveCfg = Debug|Win32
		{2BBD4AC6-7B67-4158-AC47-183948BD9C35}.Debug|x86.Build.0 = Debug|Win32
		{2BBD4AC6-7B67-4158-AC47-183948BD9C35}.Release|x86.ActiveCfg = Release|Win32
		{2BBD4AC6-7B67-4158-AC47-183948BD9C35}.Release|x86.Build.0 = Release|Win32
		{7325CD0D-1821-4CB0-884C-D7DC76D8EEF7}.Debug|x86.ActiveCfg = Debug|Any CPU
		{7325CD0D-1821-4CB0-884C-D7DC76D8EEF7}.Debug|x86.Build.0 = Debug|Any CPU
		{7325CD0D-1821-4CB0-884C-D7DC76D8EEF7}.Release|x86.ActiveCfg = Debug|Any CPU
		{7325CD0D-1821-4CB0-884C-D7DC76D8EEF7}.Release|x86.Build.0 = Debug|Any CPU
		{0E993F02-ADF4-4206-AAE3-79DB1AD54514}.Debug|x86.ActiveCfg = Debug|Win32
		{0E993F02-ADF4-4206-AAE3-79DB1AD54514}.Debug|x86.Build.0 = Debug|Win32
		{0E993F02-ADF4-4206-AAE3-79DB1AD54514}.Release|x86.ActiveCfg = Release|Win32
		{0E993F02-ADF4-4206-AAE3-79DB1AD54514}.Release|x86.Build.0 = Release|Win32
		{A9E6F383-BE0D-4E6D-BC74-C5E0D8B59FE0}.Debug|x86.ActiveCfg = Debug|Win32
		{A9E6F383-BE0D-4E6D-BC74-C5E0D8B59FE0}.Debug|x86.Build.0 = Debug|Win32
		{A9E6F383-BE0D-4E6D-BC74-C5E0D8B59FE0}.Release|x86.ActiveCfg = Release|Win32
		{A9E6F383-BE0D-4E6D-BC74-C5E0D8B59FE0}.Release|x86.Build.0 = Release|Win32
		{D8C6DEAE-4514-4D72-85C7-B2FCEA09AE7C}.Debug|x86.ActiveCfg = Debug|Win32
		{D8C6DEAE-4514-4D72-85C7-B2FCEA09AE7C}.Debug|x86.Build.0 = Debug|Win32
		{D8C6DEAE-4514-4D72-85C7-B2FCEA09AE7C}.Release|x86.ActiveCfg = Release|Win32
		{D8C6DEAE-4514-4D72-85C7-B2FCEA09AE7C}.Release|x86.Build.0 = Release|Win32
		{1FAD26FF-4846-4F84-A701-6BCBD377FD5E}.Debug|x86.ActiveCfg = Debug|Win32
		{1FAD26FF-4846-4F84-A701-6BCBD377FD5E}.Debug|x86.Build.0 = Debug|Win32
		{1FAD26FF-4846-4F84-A701-6BCBD377FD5E}.Release|x86.ActiveCfg = Release|Win32
		{1FAD26FF-4846-4F84-A701-6BCBD377FD5E}.Release|x86.Build.0 = Release|Win32
	EndGlobalSection
	GlobalSection(SolutionProperties) = preSolution
		HideSolutionNode = FALSE
	EndGlobalSection
EndGlobal
