<?xml version="1.0" encoding="utf-8"?>
<Project ToolsVersion="4.0" xmlns="http://schemas.microsoft.com/developer/msbuild/2003">
  <ItemGroup>
    <Filter Include="Source files">
      <UniqueIdentifier>{94b7699b-1fc1-4908-a25e-86f0cbd66f23}</UniqueIdentifier>
      <Extensions>cpp;c;cc;cxx;def;odl;idl;hpj;bat;asm;asmx</Extensions>
    </Filter>
    <Filter Include="Header files">
      <UniqueIdentifier>{4cdce5bd-3b2d-4c62-af26-63ab96e255e7}</UniqueIdentifier>
      <Extensions>h;hpp;hxx;hm;inl;inc;xsd</Extensions>
    </Filter>
    <Filter Include="Resource files">
      <UniqueIdentifier>{9c175856-5b57-40b5-a51b-d274ead5995d}</UniqueIdentifier>
      <Extensions>rc;ico;cur;bmp;dlg;rc2;rct;bin;rgs;gif;jpg;jpeg;jpe;resx;tiff;tif;png;wav</Extensions>
    </Filter>
    <Filter Include="Make files">
      <UniqueIdentifier>{3c3804e7-0c05-449e-bcb9-a1738d84e861}</UniqueIdentifier>
      <Extensions>*.mak</Extensions>
    </Filter>
    <Filter Include="VisualGDB settings">
      <UniqueIdentifier>{1775f91a-6773-4dcf-a8a8-976b2ef59427}</UniqueIdentifier>
      <Extensions>*.vgdbsettings</Extensions>
    </Filter>
    <Filter Include="Source files\Device-specific files">
      <UniqueIdentifier>{8c884542-a621-466e-8080-0e45be99de96}</UniqueIdentifier>
    </Filter>
    <Filter Include="Header files\Device-specific files">
      <UniqueIdentifier>{0ae9aa57-b1cf-4f7d-b407-cd625b47a2c9}</UniqueIdentifier>
    </Filter>
    <Filter Include="Header files\Device-specific files\SDK">
      <UniqueIdentifier>{55e7540e-e3bc-48db-abf1-a82551045868}</UniqueIdentifier>
    </Filter>
  </ItemGroup>
  <ItemGroup>
    <ClCompile Include="LEDBlink.cpp">
      <Filter>Source files</Filter>
    </ClCompile>
    <ClCompile Include="..\..\..\..\..\..\SysGCC\esp8266\esp8266-bsp\sysprogs\stubs.c">
      <Filter>Source files\Device-specific files</Filter>
    </ClCompile>
  </ItemGroup>
  <ItemGroup>
    <ClInclude Include="user_config.h">
      <Filter>Header files</Filter>
    </ClInclude>
    <ClInclude Include="..\..\..\..\..\..\SysGCC\esp8266\esp8266-bsp\IoT-SDK\include\airkiss.h">
      <Filter>Header files\Device-specific files\SDK</Filter>
    </ClInclude>
    <ClInclude Include="..\..\..\..\..\..\SysGCC\esp8266\esp8266-bsp\IoT-SDK\include\at_custom.h">
      <Filter>Header files\Device-specific files\SDK</Filter>
    </ClInclude>
    <ClInclude Include="..\..\..\..\..\..\SysGCC\esp8266\esp8266-bsp\IoT-SDK\include\c_types.h">
      <Filter>Header files\Device-specific files\SDK</Filter>
    </ClInclude>
    <ClInclude Include="..\..\..\..\..\..\SysGCC\esp8266\esp8266-bsp\IoT-SDK\include\eagle_soc.h">
      <Filter>Header files\Device-specific files\SDK</Filter>
    </ClInclude>
    <ClInclude Include="..\..\..\..\..\..\SysGCC\esp8266\esp8266-bsp\IoT-SDK\include\espconn.h">
      <Filter>Header files\Device-specific files\SDK</Filter>
    </ClInclude>
    <ClInclude Include="..\..\..\..\..\..\SysGCC\esp8266\esp8266-bsp\IoT-SDK\include\espnow.h">
      <Filter>Header files\Device-specific files\SDK</Filter>
    </ClInclude>
    <ClInclude Include="..\..\..\..\..\..\SysGCC\esp8266\esp8266-bsp\IoT-SDK\include\ets_sys.h">
      <Filter>Header files\Device-specific files\SDK</Filter>
    </ClInclude>
    <ClInclude Include="..\..\..\..\..\..\SysGCC\esp8266\esp8266-bsp\IoT-SDK\include\gpio.h">
      <Filter>Header files\Device-specific files\SDK</Filter>
    </ClInclude>
    <ClInclude Include="..\..\..\..\..\..\SysGCC\esp8266\esp8266-bsp\IoT-SDK\include\ip_addr.h">
      <Filter>Header files\Device-specific files\SDK</Filter>
    </ClInclude>
    <ClInclude Include="..\..\..\..\..\..\SysGCC\esp8266\esp8266-bsp\IoT-SDK\include\mem.h">
      <Filter>Header files\Device-specific files\SDK</Filter>
    </ClInclude>
    <ClInclude Include="..\..\..\..\..\..\SysGCC\esp8266\esp8266-bsp\IoT-SDK\include\mesh.h">
      <Filter>Header files\Device-specific files\SDK</Filter>
    </ClInclude>
    <ClInclude Include="..\..\..\..\..\..\SysGCC\esp8266\esp8266-bsp\IoT-SDK\include\osapi.h">
      <Filter>Header files\Device-specific files\SDK</Filter>
    </ClInclude>
    <ClInclude Include="..\..\..\..\..\..\SysGCC\esp8266\esp8266-bsp\IoT-SDK\include\os_type.h">
      <Filter>Header files\Device-specific files\SDK</Filter>
    </ClInclude>
    <ClInclude Include="..\..\..\..\..\..\SysGCC\esp8266\esp8266-bsp\IoT-SDK\include\ping.h">
      <Filter>Header files\Device-specific files\SDK</Filter>
    </ClInclude>
    <ClInclude Include="..\..\..\..\..\..\SysGCC\esp8266\esp8266-bsp\IoT-SDK\include\pwm.h">
      <Filter>Header files\Device-specific files\SDK</Filter>
    </ClInclude>
    <ClInclude Include="..\..\..\..\..\..\SysGCC\esp8266\esp8266-bsp\IoT-SDK\include\queue.h">
      <Filter>Header files\Device-specific files\SDK</Filter>
    </ClInclude>
    <ClInclude Include="..\..\..\..\..\..\SysGCC\esp8266\esp8266-bsp\IoT-SDK\include\smartconfig.h">
      <Filter>Header files\Device-specific files\SDK</Filter>
    </ClInclude>
    <ClInclude Include="..\..\..\..\..\..\SysGCC\esp8266\esp8266-bsp\IoT-SDK\include\sntp.h">
      <Filter>Header files\Device-specific files\SDK</Filter>
    </ClInclude>
    <ClInclude Include="..\..\..\..\..\..\SysGCC\esp8266\esp8266-bsp\IoT-SDK\include\spi_flash.h">
      <Filter>Header files\Device-specific files\SDK</Filter>
    </ClInclude>
    <ClInclude Include="..\..\..\..\..\..\SysGCC\esp8266\esp8266-bsp\IoT-SDK\include\upgrade.h">
      <Filter>Header files\Device-specific files\SDK</Filter>
    </ClInclude>
    <ClInclude Include="..\..\..\..\..\..\SysGCC\esp8266\esp8266-bsp\IoT-SDK\include\user_interface.h">
      <Filter>Header files\Device-specific files\SDK</Filter>
    </ClInclude>
  </ItemGroup>
  <ItemGroup>
    <None Include="Makefile" />
    <None Include="debug.mak">
      <Filter>Make files</Filter>
    </None>
    <None Include="ESP8266-Debug.vgdbsettings">
      <Filter>VisualGDB settings</Filter>
    </None>
    <None Include="release.mak">
      <Filter>Make files</Filter>
    </None>
    <None Include="ESP8266-Release.vgdbsettings">
      <Filter>VisualGDB settings</Filter>
    </None>
    <None Include="esp8266.mak">
      <Filter>Source files\Device-specific files</Filter>
    </None>
  </ItemGroup>
  <ItemGroup>
    <Xml Include="esp8266.xml">
      <Filter>VisualGDB settings</Filter>
    </Xml>
  </ItemGroup>
</Project>